# This file was autogenerated by Stack.
# You should not edit this file by hand.
# For more information, please see the documentation at:
#   https://docs.haskellstack.org/en/stable/lock_files

packages:
- completed:
    hackage: aeson-2.0.3.0@sha256:510c59bece9c6b3d9e999674b869c765cdc3df9f9f90b6871df3e62f87b12fff,5867
    pantry-tree:
      sha256: bc95efc07f7d7837f3ab689d7af1d0dd4649296f2b54d0ab4e4d25d0cfb50d32
      size: 38191
  original:
    hackage: aeson-2.0.3.0
snapshots:
- completed:
    sha256: 9fa4bece7acfac1fc7930c5d6e24606004b09e80aa0e52e9f68b148201008db9
    size: 649606
    url: https://raw.githubusercontent.com/commercialhaskell/stackage-snapshots/master/lts/20/18.yaml
  original:
    url: https://raw.githubusercontent.com/commercialhaskell/stackage-snapshots/master/lts/20/18.yaml
